
Microsoft Visual Studio Solution File, Format Version 12.00
# Visual Studio Version 16
VisualStudioVersion = 16.0.31005.135
MinimumVisualStudioVersion = 10.0.40219.1
Project("{9A19103F-16F7-4668-BE54-9A1E7A4F7556}") = "Eruru.QQMini.PluginSDKHelper", "Eruru.QQMini.PluginSDKHelper\Eruru.QQMini.PluginSDKHelper.csproj", "{6CECEFD8-24B4-49B0-84F1-946A4E67C449}"
EndProject
Global
	GlobalSection(SolutionConfigurationPlatforms) = preSolution
		Debug|Any CPU = Debug|Any CPU
		Release|Any CPU = Release|Any CPU
	EndGlobalSection
	GlobalSection(ProjectConfigurationPlatforms) = postSolution
		{6CECEFD8-24B4-49B0-84F1-946A4E67C449}.Debug|Any CPU.ActiveCfg = Debug|Any CPU
		{6CECEFD8-24B4-49B0-84F1-946A4E67C449}.Debug|Any CPU.Build.0 = Debug|Any CPU
		{6CECEFD8-24B4-49B0-84F1-946A4E67C449}.Release|Any CPU.ActiveCfg = Release|Any CPU
		{6CECEFD8-24B4-49B0-84F1-946A4E67C449}.Release|Any CPU.Build.0 = Release|Any CPU
	EndGlobalSection
	GlobalSection(SolutionProperties) = preSolution
		HideSolutionNode = FALSE
	EndGlobalSection
	GlobalSection(ExtensibilityGlobals) = postSolution
		SolutionGuid = {E27E3501-440C-43D5-8666-87A4CD1E451F}
	EndGlobalSection
EndGlobal
